Microsoft Visual Studio Solution File, Format Version 12.00
# Visual Studio Version 17
VisualStudioVersion = 17.5.2.0
MinimumVisualStudioVersion = 10.0.40219.1
Project("{FAE04EC0-301F-11D3-BF4B-00C04F79EFBC}") = "Assignment2", "Assignment2.csproj", "{0B6D470B-9E06-FFF2-84B9-3D0045B3CCCD}"
EndProject
Project("{FAE04EC0-301F-11D3-BF4B-00C04F79EFBC}") = "Week3ArraysSorting", "Week3ArraysSorting.csproj", "{02CD1BDD-EB3C-E57C-93D5-F453CDC16729}"
EndProject
Global
	GlobalSection(SolutionConfigurationPlatforms) = preSolution
		Debug|Any CPU = Debug|Any CPU
		Release|Any CPU = Release|Any CPU
	EndGlobalSection
	GlobalSection(ProjectConfigurationPlatforms) = postSolution
		{0B6D470B-9E06-FFF2-84B9-3D0045B3CCCD}.Debug|Any CPU.ActiveCfg = Debug|Any CPU
		{0B6D470B-9E06-FFF2-84B9-3D0045B3CCCD}.Debug|Any CPU.Build.0 = Debug|Any CPU
		{0B6D470B-9E06-FFF2-84B9-3D0045B3CCCD}.Release|Any CPU.ActiveCfg = Release|Any CPU
		{0B6D470B-9E06-FFF2-84B9-3D0045B3CCCD}.Release|Any CPU.Build.0 = Release|Any CPU
		{02CD1BDD-EB3C-E57C-93D5-F453CDC16729}.Debug|Any CPU.ActiveCfg = Debug|Any CPU
		{02CD1BDD-EB3C-E57C-93D5-F453CDC16729}.Debug|Any CPU.Build.0 = Debug|Any CPU
		{02CD1BDD-EB3C-E57C-93D5-F453CDC16729}.Release|Any CPU.ActiveCfg = Release|Any CPU
		{02CD1BDD-EB3C-E57C-93D5-F453CDC16729}.Release|Any CPU.Build.0 = Release|Any CPU
	EndGlobalSection
	GlobalSection(SolutionProperties) = preSolution
		HideSolutionNode = FALSE
	EndGlobalSection
	GlobalSection(ExtensibilityGlobals) = postSolution
		SolutionGuid = {F728D8E8-C76C-488C-B676-4C3B09888A9D}
	EndGlobalSection
EndGlobal
