Microsoft Visual Studio Solution File, Format Version 12.00
# Visual Studio Version 17
VisualStudioVersion = 17.5.2.0
MinimumVisualStudioVersion = 10.0.40219.1
Project("{FAE04EC0-301F-11D3-BF4B-00C04F79EFBC}") = "final_project_starter", "final_project_starter.csproj", "{939379A4-36E3-F485-840E-4D19F018847C}"
EndProject
Global
	GlobalSection(SolutionConfigurationPlatforms) = preSolution
		Debug|Any CPU = Debug|Any CPU
		Release|Any CPU = Release|Any CPU
	EndGlobalSection
	GlobalSection(ProjectConfigurationPlatforms) = postSolution
		{939379A4-36E3-F485-840E-4D19F018847C}.Debug|Any CPU.ActiveCfg = Debug|Any CPU
		{939379A4-36E3-F485-840E-4D19F018847C}.Debug|Any CPU.Build.0 = Debug|Any CPU
		{939379A4-36E3-F485-840E-4D19F018847C}.Release|Any CPU.ActiveCfg = Release|Any CPU
		{939379A4-36E3-F485-840E-4D19F018847C}.Release|Any CPU.Build.0 = Release|Any CPU
	EndGlobalSection
	GlobalSection(SolutionProperties) = preSolution
		HideSolutionNode = FALSE
	EndGlobalSection
	GlobalSection(ExtensibilityGlobals) = postSolution
		SolutionGuid = {7171B61F-9A28-49C1-8BB8-D8909006549D}
	EndGlobalSection
EndGlobal
