Microsoft Visual Studio Solution File, Format Version 12.00
# Visual Studio Version 17
VisualStudioVersion = 17.5.2.0
MinimumVisualStudioVersion = 10.0.40219.1
Project("{FAE04EC0-301F-11D3-BF4B-00C04F79EFBC}") = "lab-8-sets", "lab-8-sets.csproj", "{6445D2EE-4A3C-3404-8C2E-A6D1FBEAED3B}"
EndProject
Global
	GlobalSection(SolutionConfigurationPlatforms) = preSolution
		Debug|Any CPU = Debug|Any CPU
		Release|Any CPU = Release|Any CPU
	EndGlobalSection
	GlobalSection(ProjectConfigurationPlatforms) = postSolution
		{6445D2EE-4A3C-3404-8C2E-A6D1FBEAED3B}.Debug|Any CPU.ActiveCfg = Debug|Any CPU
		{6445D2EE-4A3C-3404-8C2E-A6D1FBEAED3B}.Debug|Any CPU.Build.0 = Debug|Any CPU
		{6445D2EE-4A3C-3404-8C2E-A6D1FBEAED3B}.Release|Any CPU.ActiveCfg = Release|Any CPU
		{6445D2EE-4A3C-3404-8C2E-A6D1FBEAED3B}.Release|Any CPU.Build.0 = Release|Any CPU
	EndGlobalSection
	GlobalSection(SolutionProperties) = preSolution
		HideSolutionNode = FALSE
	EndGlobalSection
	GlobalSection(ExtensibilityGlobals) = postSolution
		SolutionGuid = {5A5211E6-B2C1-4B6C-A3F8-8C1AC748838B}
	EndGlobalSection
EndGlobal
